
Microsoft Visual Studio Solution File, Format Version 12.00
# Visual Studio Version 17
VisualStudioVersion = 17.11.35219.272
MinimumVisualStudioVersion = 10.0.40219.1
Project("{FAE04EC0-301F-11D3-BF4B-00C04F79EFBC}") = "TicTacToe", "TicTacToe\TicTacToe.csproj", "{777EEA24-C33D-4C97-B9CC-60E67CB5A6EA}"
EndProject
Global
	GlobalSection(SolutionConfigurationPlatforms) = preSolution
		Debug|Any CPU = Debug|Any CPU
		Release|Any CPU = Release|Any CPU
	EndGlobalSection
	GlobalSection(ProjectConfigurationPlatforms) = postSolution
		{777EEA24-C33D-4C97-B9CC-60E67CB5A6EA}.Debug|Any CPU.ActiveCfg = Debug|Any CPU
		{777EEA24-C33D-4C97-B9CC-60E67CB5A6EA}.Debug|Any CPU.Build.0 = Debug|Any CPU
		{777EEA24-C33D-4C97-B9CC-60E67CB5A6EA}.Release|Any CPU.ActiveCfg = Release|Any CPU
		{777EEA24-C33D-4C97-B9CC-60E67CB5A6EA}.Release|Any CPU.Build.0 = Release|Any CPU
	EndGlobalSection
	GlobalSection(SolutionProperties) = preSolution
		HideSolutionNode = FALSE
	EndGlobalSection
	GlobalSection(ExtensibilityGlobals) = postSolution
		SolutionGuid = {B1FB7813-7522-4C68-8B8A-151437CB2AA1}
	EndGlobalSection
EndGlobal
